{
  "name": "app",
  "version": "1.0.0",
  "lockfileVersion": 2,
  "requires": true,
  "packages": {
    "": {
      "version": "1.0.0",
      "license": "ISC",
      "dependencies": {
        "jspanel3": "^3.11.3"
      }
    },
    "node_modules/jquery": {
      "version": "3.6.0",
      "resolved": "http://192.168.31.237:4873/jquery/-/jquery-3.6.0.tgz",
      "integrity": "sha512-JVzAR/AjBvVt2BmYhxRCSYysDsPcssdmTFnzyLEts9qNwmjmu4JTAMYubEfwVOSwpQ1I1sKKFcxhZCI2buerfw==",
      "license": "MIT"
    },
    "node_modules/jspanel3": {
      "version": "3.11.3",
      "resolved": "http://192.168.31.237:4873/jspanel3/-/jspanel3-3.11.3.tgz",
      "integrity": "sha512-P8flOkKVaJe9JWNvtGGKVqaFl8WfO/ObV/MxTt1q1q5l8ca7tHKVGBT6jH/H1sl6glp6Z9woT3MjkSjLTbJ6NQ==",
      "license": "MIT",
      "dependencies": {
        "jquery": ">=2.x"
      }
    }
  },
  "dependencies": {
    "jquery": {
      "version": "3.6.0",
      "resolved": "http://192.168.31.237:4873/jquery/-/jquery-3.6.0.tgz",
      "integrity": "sha512-JVzAR/AjBvVt2BmYhxRCSYysDsPcssdmTFnzyLEts9qNwmjmu4JTAMYubEfwVOSwpQ1I1sKKFcxhZCI2buerfw=="
    },
    "jspanel3": {
      "version": "3.11.3",
      "resolved": "http://192.168.31.237:4873/jspanel3/-/jspanel3-3.11.3.tgz",
      "integrity": "sha512-P8flOkKVaJe9JWNvtGGKVqaFl8WfO/ObV/MxTt1q1q5l8ca7tHKVGBT6jH/H1sl6glp6Z9woT3MjkSjLTbJ6NQ==",
      "requires": {
        "jquery": ">=2.x"
      }
    }
  }
}
